// !$*UTF8*$!
{
	archiveVersion = 1;
	classes = {
	};
	objectVersion = 46;
	objects = {

/* Begin PBXBuildFile section */
		E74B39B91C8FB1CC0014033F /* myFramework.h in Headers */ = {isa = PBXBuildFile; fileRef = E74B39B81C8FB1CC0014033F /* myFramework.h */; settings = {ATTRIBUTES = (Public, ); }; };
		E74B39C01C8FB1CC0014033F /* myFramework.framework in Frameworks */ = {isa = PBXBuildFile; fileRef = E74B39B51C8FB1CC0014033F /* myFramework.framework */; };
		E74B39C51C8FB1CC0014033F /* myFrameworkTests.swift in Sources */ = {isa = PBXBuildFile; fileRef = E74B39C41C8FB1CC0014033F /* myFrameworkTests.swift */; };
		E74B39D11C8FB3060014033F /* MyPickerViewController.swift in Sources */ = {isa = PBXBuildFile; fileRef = E74B39CF1C8FB3060014033F /* MyPickerViewController.swift */; };
		E74B39D21C8FB3060014033F /* MyPickerViewController.xib in Resources */ = {isa = PBXBuildFile; fileRef = E74B39D01C8FB3060014033F /* MyPickerViewController.xib */; };
/* End PBXBuildFile section */

/* Begin PBXContainerItemProxy section */
		E74B39C11C8FB1CC0014033F /* PBXContainerItemProxy */ = {
			isa = PBXContainerItemProxy;
			containerPortal = E74B39AC1C8FB1CC0014033F /* Project object */;
			proxyType = 1;
			remoteGlobalIDString = E74B39B41C8FB1CC0014033F;
			remoteInfo = myFramework;
		};
/* End PBXContainerItemProxy section */

/* Begin PBXFileReference section */
		E74B39B51C8FB1CC0014033F /* myFramework.framework */ = {isa = PBXFileReference; explicitFileType = wrapper.framework; includeInIndex = 0; path = myFramework.framework; sourceTree = BUILT_PRODUCTS_DIR; };
		E74B39B81C8FB1CC0014033F /* myFramework.h */ = {isa = PBXFileReference; lastKnownFileType = sourcecode.c.h; path = myFramework.h; sourceTree = "<group>"; };
		E74B39BA1C8FB1CC0014033F /* Info.plist */ = {isa = PBXFileReference; lastKnownFileType = text.plist.xml; path = Info.plist; sourceTree = "<group>"; };
		E74B39BF1C8FB1CC0014033F /* myFrameworkTests.xctest */ = {isa = PBXFileReference; explicitFileType = wrapper.cfbundle; includeInIndex = 0; path = myFrameworkTests.xctest; sourceTree = BUILT_PRODUCTS_DIR; };
		E74B39C41C8FB1CC0014033F /* myFrameworkTests.swift */ = {isa = PBXFileReference; lastKnownFileType = sourcecode.swift; path = myFrameworkTests.swift; sourceTree = "<group>"; };
		E74B39C61C8FB1CC0014033F /* Info.plist */ = {isa = PBXFileReference; lastKnownFileType = text.plist.xml; path = Info.plist; sourceTree = "<group>"; };
		E74B39CF1C8FB3060014033F /* MyPickerViewController.swift */ = {isa = PBXFileReference; fileEncoding = 4; lastKnownFileType = sourcecode.swift; path = MyPickerViewController.swift; sourceTree = "<group>"; };
		E74B39D01C8FB3060014033F /* MyPickerViewController.xib */ = {isa = PBXFileReference; fileEncoding = 4; lastKnownFileType = file.xib; path = MyPickerViewController.xib; sourceTree = "<group>"; };
/* End PBXFileReference section */

/* Begin PBXFrameworksBuildPhase section */
		E74B39B11C8FB1CC0014033F /* Frameworks */ = {
			isa = PBXFrameworksBuildPhase;
			buildActionMask = 2147483647;
			files = (
			);
			runOnlyForDeploymentPostprocessing = 0;
		};
		E74B39BC1C8FB1CC0014033F /* Frameworks */ = {
			isa = PBXFrameworksBuildPhase;
			buildActionMask = 2147483647;
			files = (
				E74B39C01C8FB1CC0014033F /* myFramework.framework in Frameworks */,
			);
			runOnlyForDeploymentPostprocessing = 0;
		};
/* End PBXFrameworksBuildPhase section */

/* Begin PBXGroup section */
		E74B39AB1C8FB1CC0014033F = {
			isa = PBXGroup;
			children = (
				E74B39CF1C8FB3060014033F /* MyPickerViewController.swift */,
				E74B39D01C8FB3060014033F /* MyPickerViewController.xib */,
				E74B39B71C8FB1CC0014033F /* myFramework */,
				E74B39C31C8FB1CC0014033F /* myFrameworkTests */,
				E74B39B61C8FB1CC0014033F /* Products */,
			);
			sourceTree = "<group>";
		};
		E74B39B61C8FB1CC0014033F /* Products */ = {
			isa = PBXGroup;
			children = (
				E74B39B51C8FB1CC0014033F /* myFramework.framework */,
				E74B39BF1C8FB1CC0014033F /* myFrameworkTests.xctest */,
			);
			name = Products;
			sourceTree = "<group>";
		};
		E74B39B71C8FB1CC0014033F /* myFramework */ = {
			isa = PBXGroup;
			children = (
				E74B39B81C8FB1CC0014033F /* myFramework.h */,
				E74B39BA1C8FB1CC0014033F /* Info.plist */,
			);
			path = myFramework;
			sourceTree = "<group>";
		};
		E74B39C31C8FB1CC0014033F /* myFrameworkTests */ = {
			isa = PBXGroup;
			children = (
				E74B39C41C8FB1CC0014033F /* myFrameworkTests.swift */,
				E74B39C61C8FB1CC0014033F /* Info.plist */,
			);
			path = myFrameworkTests;
			sourceTree = "<group>";
		};
/* End PBXGroup section */

/* Begin PBXHeadersBuildPhase section */
		E74B39B21C8FB1CC0014033F /* Headers */ = {
			isa = PBXHeadersBuildPhase;
			buildActionMask = 2147483647;
			files = (
				E74B39B91C8FB1CC0014033F /* myFramework.h in Headers */,
			);
			runOnlyForDeploymentPostprocessing = 0;
		};
/* End PBXHeadersBuildPhase section */

/* Begin PBXNativeTarget section */
		E74B39B41C8FB1CC0014033F /* myFramework */ = {
			isa = PBXNativeTarget;
			buildConfigurationList = E74B39C91C8FB1CC0014033F /* Build configuration list for PBXNativeTarget "myFramework" */;
			buildPhases = (
				E74B39B01C8FB1CC0014033F /* Sources */,
				E74B39B11C8FB1CC0014033F /* Frameworks */,
				E74B39B21C8FB1CC0014033F /* Headers */,
				E74B39B31C8FB1CC0014033F /* Resources */,
			);
			buildRules = (
			);
			dependencies = (
			);
			name = myFramework;
			productName = myFramework;
			productReference = E74B39B51C8FB1CC0014033F /* myFramework.framework */;
			productType = "com.apple.product-type.framework";
		};
		E74B39BE1C8FB1CC0014033F /* myFrameworkTests */ = {
			isa = PBXNativeTarget;
			buildConfigurationList = E74B39CC1C8FB1CC0014033F /* Build configuration list for PBXNativeTarget "myFrameworkTests" */;
			buildPhases = (
				E74B39BB1C8FB1CC0014033F /* Sources */,
				E74B39BC1C8FB1CC0014033F /* Frameworks */,
				E74B39BD1C8FB1CC0014033F /* Resources */,
			);
			buildRules = (
			);
			dependencies = (
				E74B39C21C8FB1CC0014033F /* PBXTargetDependency */,
			);
			name = myFrameworkTests;
			productName = myFrameworkTests;
			productReference = E74B39BF1C8FB1CC0014033F /* myFrameworkTests.xctest */;
			productType = "com.apple.product-type.bundle.unit-test";
		};
/* End PBXNativeTarget section */

/* Begin PBXProject section */
		E74B39AC1C8FB1CC0014033F /* Project object */ = {
			isa = PBXProject;
			attributes = {
				LastSwiftUpdateCheck = 0720;
				LastUpgradeCheck = 0720;
				ORGANIZATIONNAME = Gastby;
				TargetAttributes = {
					E74B39B41C8FB1CC0014033F = {
						CreatedOnToolsVersion = 7.2.1;
					};
					E74B39BE1C8FB1CC0014033F = {
						CreatedOnToolsVersion = 7.2.1;
					};
				};
			};
			buildConfigurationList = E74B39AF1C8FB1CC0014033F /* Build configuration list for PBXProject "myFramework" */;
			compatibilityVersion = "Xcode 3.2";
			developmentRegion = English;
			hasScannedForEncodings = 0;
			knownRegions = (
				en,
			);
			mainGroup = E74B39AB1C8FB1CC0014033F;
			productRefGroup = E74B39B61C8FB1CC0014033F /* Products */;
			projectDirPath = "";
			projectRoot = "";
			targets = (
				E74B39B41C8FB1CC0014033F /* myFramework */,
				E74B39BE1C8FB1CC0014033F /* myFrameworkTests */,
			);
		};
/* End PBXProject section */

/* Begin PBXResourcesBuildPhase section */
		E74B39B31C8FB1CC0014033F /* Resources */ = {
			isa = PBXResourcesBuildPhase;
			buildActionMask = 2147483647;
			files = (
				E74B39D21C8FB3060014033F /* MyPickerViewController.xib in Resources */,
			);
			runOnlyForDeploymentPostprocessing = 0;
		};
		E74B39BD1C8FB1CC0014033F /* Resources */ = {
			isa = PBXResourcesBuildPhase;
			buildActionMask = 2147483647;
			files = (
			);
			runOnlyForDeploymentPostprocessing = 0;
		};
/* End PBXResourcesBuildPhase section */

/* Begin PBXSourcesBuildPhase section */
		E74B39B01C8FB1CC0014033F /* Sources */ = {
			isa = PBXSourcesBuildPhase;
			buildActionMask = 2147483647;
			files = (
				E74B39D11C8FB3060014033F /* MyPickerViewController.swift in Sources */,
			);
			runOnlyForDeploymentPostprocessing = 0;
		};
		E74B39BB1C8FB1CC0014033F /* Sources */ = {
			isa = PBXSourcesBuildPhase;
			buildActionMask = 2147483647;
			files = (
				E74B39C51C8FB1CC0014033F /* myFrameworkTests.swift in Sources */,
			);
			runOnlyForDeploymentPostprocessing = 0;
		};
/* End PBXSourcesBuildPhase section */

/* Begin PBXTargetDependency section */
		E74B39C21C8FB1CC0014033F /* PBXTargetDependency */ = {
			isa = PBXTargetDependency;
			target = E74B39B41C8FB1CC0014033F /* myFramework */;
			targetProxy = E74B39C11C8FB1CC0014033F /* PBXContainerItemProxy */;
		};
/* End PBXTargetDependency section */

/* Begin XCBuildConfiguration section */
		E74B39C71C8FB1CC0014033F /* Debug */ = {
			isa = XCBuildConfiguration;
			buildSettings = {
				ALWAYS_SEARCH_USER_PATHS = NO;
				CLANG_CXX_LANGUAGE_STANDARD = "gnu++0x";
				CLANG_CXX_LIBRARY = "libc++";
				CLANG_ENABLE_MODULES = YES;
				CLANG_ENABLE_OBJC_ARC = YES;
				CLANG_WARN_BOOL_CONVERSION = YES;
				CLANG_WARN_CONSTANT_CONVERSION = YES;
				CLANG_WARN_DIRECT_OBJC_ISA_USAGE = YES_ERROR;
				CLANG_WARN_EMPTY_BODY = YES;
				CLANG_WARN_ENUM_CONVERSION = YES;
				CLANG_WARN_INT_CONVERSION = YES;
				CLANG_WARN_OBJC_ROOT_CLASS = YES_ERROR;
				CLANG_WARN_UNREACHABLE_CODE = YES;
				CLANG_WARN__DUPLICATE_METHOD_MATCH = YES;
				"CODE_SIGN_IDENTITY[sdk=iphoneos*]" = "iPhone Developer";
				COPY_PHASE_STRIP = NO;
				CURRENT_PROJECT_VERSION = 1;
				DEBUG_INFORMATION_FORMAT = dwarf;
				ENABLE_STRICT_OBJC_MSGSEND = YES;
				ENABLE_TESTABILITY = YES;
				GCC_C_LANGUAGE_STANDARD = gnu99;
				GCC_DYNAMIC_NO_PIC = NO;
				GCC_NO_COMMON_BLOCKS = YES;
				GCC_OPTIMIZATION_LEVEL = 0;
				GCC_PREPROCESSOR_DEFINITIONS = (
					"DEBUG=1",
					"$(inherited)",
				);
				GCC_WARN_64_TO_32_BIT_CONVERSION = YES;
				GCC_WARN_ABOUT_RETURN_TYPE = YES_ERROR;
				GCC_WARN_UNDECLARED_SELECTOR = YES;
				GCC_WARN_UNINITIALIZED_AUTOS = YES_AGGRESSIVE;
				GCC_WARN_UNUSED_FUNCTION = YES;
				GCC_WARN_UNUSED_VARIABLE = YES;
				IPHONEOS_DEPLOYMENT_TARGET = 9.2;
				MTL_ENABLE_DEBUG_INFO = YES;
				ONLY_ACTIVE_ARCH = YES;
				SDKROOT = iphoneos;
				SWIFT_OPTIMIZATION_LEVEL = "-Onone";
				TARGETED_DEVICE_FAMILY = "1,2";
				VERSIONING_SYSTEM = "apple-generic";
				VERSION_INFO_PREFIX = "";
			};
			name = Debug;
		};
		E74B39C81C8FB1CC0014033F /* Release */ = {
			isa = XCBuildConfiguration;
			buildSettings = {
				ALWAYS_SEARCH_USER_PATHS = NO;
				CLANG_CXX_LANGUAGE_STANDARD = "gnu++0x";
				CLANG_CXX_LIBRARY = "libc++";
				CLANG_ENABLE_MODULES = YES;
				CLANG_ENABLE_OBJC_ARC = YES;
				CLANG_WARN_BOOL_CONVERSION = YES;
				CLANG_WARN_CONSTANT_CONVERSION = YES;
				CLANG_WARN_DIRECT_OBJC_ISA_USAGE = YES_ERROR;
				CLANG_WARN_EMPTY_BODY = YES;
				CLANG_WARN_ENUM_CONVERSION = YES;
				CLANG_WARN_INT_CONVERSION = YES;
				CLANG_WARN_OBJC_ROOT_CLASS = YES_ERROR;
				CLANG_WARN_UNREACHABLE_CODE = YES;
				CLANG_WARN__DUPLICATE_METHOD_MATCH = YES;
				"CODE_SIGN_IDENTITY[sdk=iphoneos*]" = "iPhone Developer";
				COPY_PHASE_STRIP = NO;
				CURRENT_PROJECT_VERSION = 1;
				DEBUG_INFORMATION_FORMAT = "dwarf-with-dsym";
				ENABLE_NS_ASSERTIONS = NO;
				ENABLE_STRICT_OBJC_MSGSEND = YES;
				GCC_C_LANGUAGE_STANDARD = gnu99;
				GCC_NO_COMMON_BLOCKS = YES;
				GCC_WARN_64_TO_32_BIT_CONVERSION = YES;
				GCC_WARN_ABOUT_RETURN_TYPE = YES_ERROR;
				GCC_WARN_UNDECLARED_SELECTOR = YES;
				GCC_WARN_UNINITIALIZED_AUTOS = YES_AGGRESSIVE;
				GCC_WARN_UNUSED_FUNCTION = YES;
				GCC_WARN_UNUSED_VARIABLE = YES;
				IPHONEOS_DEPLOYMENT_TARGET = 9.2;
				MTL_ENABLE_DEBUG_INFO = NO;
				SDKROOT = iphoneos;
				TARGETED_DEVICE_FAMILY = "1,2";
				VALIDATE_PRODUCT = YES;
				VERSIONING_SYSTEM = "apple-generic";
				VERSION_INFO_PREFIX = "";
			};
			name = Release;
		};
		E74B39CA1C8FB1CC0014033F /* Debug */ = {
			isa = XCBuildConfiguration;
			buildSettings = {
				CLANG_ENABLE_MODULES = YES;
				DEFINES_MODULE = YES;
				DYLIB_COMPATIBILITY_VERSION = 1;
				DYLIB_CURRENT_VERSION = 1;
				DYLIB_INSTALL_NAME_BASE = "@rpath";
				INFOPLIST_FILE = myFramework/Info.plist;
				INSTALL_PATH = "$(LOCAL_LIBRARY_DIR)/Frameworks";
				LD_RUNPATH_SEARCH_PATHS = "$(inherited) @executable_path/Frameworks @loader_path/Frameworks";
				PRODUCT_BUNDLE_IDENTIFIER = neusoft.myFramework;
				PRODUCT_NAME = "$(TARGET_NAME)";
				SKIP_INSTALL = YES;
				SWIFT_OPTIMIZATION_LEVEL = "-Onone";
			};
			name = Debug;
		};
		E74B39CB1C8FB1CC0014033F /* Release */ = {
			isa = XCBuildConfiguration;
			buildSettings = {
				CLANG_ENABLE_MODULES = YES;
				DEFINES_MODULE = YES;
				DYLIB_COMPATIBILITY_VERSION = 1;
				DYLIB_CURRENT_VERSION = 1;
				DYLIB_INSTALL_NAME_BASE = "@rpath";
				INFOPLIST_FILE = myFramework/Info.plist;
				INSTALL_PATH = "$(LOCAL_LIBRARY_DIR)/Frameworks";
				LD_RUNPATH_SEARCH_PATHS = "$(inherited) @executable_path/Frameworks @loader_path/Frameworks";
				PRODUCT_BUNDLE_IDENTIFIER = neusoft.myFramework;
				PRODUCT_NAME = "$(TARGET_NAME)";
				SKIP_INSTALL = YES;
			};
			name = Release;
		};
		E74B39CD1C8FB1CC0014033F /* Debug */ = {
			isa = XCBuildConfiguration;
			buildSettings = {
				INFOPLIST_FILE = myFrameworkTests/Info.plist;
				LD_RUNPATH_SEARCH_PATHS = "$(inherited) @executable_path/Frameworks @loader_path/Frameworks";
				PRODUCT_BUNDLE_IDENTIFIER = neusoft.myFrameworkTests;
				PRODUCT_NAME = "$(TARGET_NAME)";
			};
			name = Debug;
		};
		E74B39CE1C8FB1CC0014033F /* Release */ = {
			isa = XCBuildConfiguration;
			buildSettings = {
				INFOPLIST_FILE = myFrameworkTests/Info.plist;
				LD_RUNPATH_SEARCH_PATHS = "$(inherited) @executable_path/Frameworks @loader_path/Frameworks";
				PRODUCT_BUNDLE_IDENTIFIER = neusoft.myFrameworkTests;
				PRODUCT_NAME = "$(TARGET_NAME)";
			};
			name = Release;
		};
/* End XCBuildConfiguration section */

/* Begin XCConfigurationList section */
		E74B39AF1C8FB1CC0014033F /* Build configuration list for PBXProject "myFramework" */ = {
			isa = XCConfigurationList;
			buildConfigurations = (
				E74B39C71C8FB1CC0014033F /* Debug */,
				E74B39C81C8FB1CC0014033F /* Release */,
			);
			defaultConfigurationIsVisible = 0;
			defaultConfigurationName = Release;
		};
		E74B39C91C8FB1CC0014033F /* Build configuration list for PBXNativeTarget "myFramework" */ = {
			isa = XCConfigurationList;
			buildConfigurations = (
				E74B39CA1C8FB1CC0014033F /* Debug */,
				E74B39CB1C8FB1CC0014033F /* Release */,
			);
			defaultConfigurationIsVisible = 0;
		};
		E74B39CC1C8FB1CC0014033F /* Build configuration list for PBXNativeTarget "myFrameworkTests" */ = {
			isa = XCConfigurationList;
			buildConfigurations = (
				E74B39CD1C8FB1CC0014033F /* Debug */,
				E74B39CE1C8FB1CC0014033F /* Release */,
			);
			defaultConfigurationIsVisible = 0;
		};
/* End XCConfigurationList section */
	};
	rootObject = E74B39AC1C8FB1CC0014033F /* Project object */;
}
